{
  "version": 4,
  "terraform_version": "1.15.7",
  "serial": 102,
  "lineage": "ba8610c8-a396-7ba6-bb86-78a5fe1d7852",
  "outputs": {
    "alb_dns": {
      "value": "tf-asb-flow-ruoxi-alb-245842857.us-west-2.elb.amazonaws.com",
      "type": "string"
    },
    "public_ip": {
      "value": {
        "a": "34.219.244.60",
        "b": "18.237.93.242",
        "c": "35.92.107.119"
      },
      "type": [
        "object",
        {
          "a": "string",
          "b": "string",
          "c": "string"
        }
      ]
    }
  },
  "resources": [
    {
      "mode": "data",
      "type": "aws_ami",
      "name": "al2023",
      "provider": "provider[\"registry.terraform.io/hashicorp/aws\"]",
      "instances": [
        {
          "schema_version": 0,
          "attributes": {
            "allow_unsafe_filter": null,
            "architecture": "x86_64",
            "arn": "arn:aws:ec2:us-west-2::image/ami-05f8addf6121a3888",
            "block_device_mappings": [
              {
                "device_name": "/dev/xvda",
                "ebs": {
                  "delete_on_termination": "true",
                  "encrypted": "false",
                  "iops": "3000",
                  "snapshot_id": "snap-051238a8314b037d0",
                  "throughput": "125",
                  "volume_initialization_rate": "0",
                  "volume_size": "8",
                  "volume_type": "gp3"
                },
                "no_device": "",
                "virtual_name": ""
              }
            ],
            "boot_mode": "uefi-preferred",
            "creation_date": "2026-06-26T20:37:19.000Z",
            "deprecation_time": "2026-09-24T23:33:00.000Z",
            "description": "Amazon Linux 2023 AMI 2023.12.20260629.0 x86_64 HVM kernel-6.12",
            "ena_support": true,
            "executable_users": null,
            "filter": [
              {
                "name": "architecture",
                "values": [
                  "x86_64"
                ]
              },
              {
                "name": "name",
                "values": [
                  "al2023-ami-2023.*-x86_64"
                ]
              }
            ],
            "hypervisor": "xen",
            "id": "ami-05f8addf6121a3888",
            "image_id": "ami-05f8addf6121a3888",
            "image_location": "amazon/al2023-ami-2023.12.20260629.0-kernel-6.12-x86_64",
            "image_owner_alias": "amazon",
            "image_type": "machine",
            "imds_support": "v2.0",
            "include_deprecated": false,
            "kernel_id": "",
            "last_launched_time": "",
            "most_recent": true,
            "name": "al2023-ami-2023.12.20260629.0-kernel-6.12-x86_64",
            "name_regex": null,
            "owner_id": "137112412989",
            "owners": [
              "amazon"
            ],
            "platform": "",
            "platform_details": "Linux/UNIX",
            "product_codes": [],
            "public": true,
            "ramdisk_id": "",
            "region": "us-west-2",
            "root_device_name": "/dev/xvda",
            "root_device_type": "ebs",
            "root_snapshot_id": "snap-051238a8314b037d0",
            "sriov_net_support": "simple",
            "state": "available",
            "state_reason": {
              "code": "UNSET",
              "message": "UNSET"
            },
            "tags": {},
            "timeouts": null,
            "tpm_support": "",
            "uefi_data": null,
            "usage_operation": "RunInstances",
            "virtualization_type": "hvm"
          },
          "sensitive_attributes": [],
          "identity_schema_version": 0
        }
      ]
    },
    {
      "mode": "managed",
      "type": "aws_instance",
      "name": "app",
      "provider": "provider[\"registry.terraform.io/hashicorp/aws\"]",
      "instances": [
        {
          "index_key": "a",
          "schema_version": 2,
          "attributes": {
            "ami": "ami-05f8addf6121a3888",
            "arn": "arn:aws:ec2:us-west-2:686699774218:instance/i-0d463d398546814e2",
            "associate_public_ip_address": true,
            "availability_zone": "us-west-2a",
            "capacity_reservation_specification": [
              {
                "capacity_reservation_preference": "open",
                "capacity_reservation_target": []
              }
            ],
            "cpu_options": [
              {
                "amd_sev_snp": "",
                "core_count": 1,
                "nested_virtualization": "",
                "threads_per_core": 2
              }
            ],
            "credit_specification": [
              {
                "cpu_credits": "unlimited"
              }
            ],
            "disable_api_stop": false,
            "disable_api_termination": false,
            "ebs_block_device": [],
            "ebs_optimized": false,
            "enable_primary_ipv6": null,
            "enclave_options": [
              {
                "enabled": false
              }
            ],
            "ephemeral_block_device": [],
            "force_destroy": false,
            "get_password_data": false,
            "hibernation": false,
            "host_id": "",
            "host_resource_group_arn": null,
            "iam_instance_profile": "",
            "id": "i-0d463d398546814e2",
            "instance_initiated_shutdown_behavior": "stop",
            "instance_lifecycle": "",
            "instance_market_options": [],
            "instance_state": "running",
            "instance_type": "t3.micro",
            "ipv6_address_count": 0,
            "ipv6_addresses": [],
            "key_name": "ruoxi-ssh-key",
            "launch_template": [],
            "maintenance_options": [
              {
                "auto_recovery": "default"
              }
            ],
            "metadata_options": [
              {
                "http_endpoint": "enabled",
                "http_protocol_ipv6": "disabled",
                "http_put_response_hop_limit": 2,
                "http_tokens": "required",
                "instance_metadata_tags": "disabled"
              }
            ],
            "monitoring": false,
            "network_interface": [],
            "outpost_arn": "",
            "password_data": "",
            "placement_group": "",
            "placement_group_id": "",
            "placement_partition_number": 0,
            "primary_network_interface": [
              {
                "delete_on_termination": true,
                "network_interface_id": "eni-0d58b66a528f8b7bd"
              }
            ],
            "primary_network_interface_id": "eni-0d58b66a528f8b7bd",
            "private_dns": "ip-10-1-1-102.us-west-2.compute.internal",
            "private_dns_name_options": [
              {
                "enable_resource_name_dns_a_record": false,
                "enable_resource_name_dns_aaaa_record": false,
                "hostname_type": "ip-name"
              }
            ],
            "private_ip": "10.1.1.102",
            "public_dns": "ec2-34-219-244-60.us-west-2.compute.amazonaws.com",
            "public_ip": "34.219.244.60",
            "region": "us-west-2",
            "root_block_device": [
              {
                "delete_on_termination": true,
                "device_name": "/dev/xvda",
                "encrypted": false,
                "iops": 3000,
                "kms_key_id": "",
                "tags": {},
                "tags_all": {},
                "throughput": 125,
                "volume_id": "vol-0bdcc238f40eab6fd",
                "volume_size": 8,
                "volume_type": "gp3"
              }
            ],
            "secondary_network_interface": [],
            "secondary_private_ips": [],
            "security_groups": [],
            "source_dest_check": true,
            "spot_instance_request_id": "",
            "subnet_id": "subnet-07a3930087d250732",
            "tags": {
              "Name": "tf-asb-flow-ruoxi-app-a"
            },
            "tags_all": {
              "Name": "tf-asb-flow-ruoxi-app-a"
            },
            "tenancy": "default",
            "timeouts": null,
            "user_data": "#!/bin/bash\nyum install -y httpd\nsystemctl start httpd\necho \"Hello from a\" \u003e /var/www/html/index.html\n",
            "user_data_base64": null,
            "user_data_replace_on_change": false,
            "volume_tags": null,
            "vpc_security_group_ids": [
              "sg-01d1149097b5af422"
            ]
          },
          "sensitive_attributes": [],
          "identity_schema_version": 0,
          "identity": {
            "account_id": "686699774218",
            "id": "i-0d463d398546814e2",
            "region": "us-west-2"
          },
          "private": "eyJlMmJmYjczMC1lY2FhLTExZTYtOGY4OC0zNDM2M2JjN2M0YzAiOnsiY3JlYXRlIjo2MDAwMDAwMDAwMDAsImRlbGV0ZSI6MTIwMDAwMDAwMDAwMCwicmVhZCI6OTAwMDAwMDAwMDAwLCJ1cGRhdGUiOjYwMDAwMDAwMDAwMH0sInNjaGVtYV92ZXJzaW9uIjoiMiJ9",
          "dependencies": [
            "aws_key_pair.my_key",
            "aws_security_group.allow_http_ssh",
            "aws_subnet.subnets",
            "aws_vpc.main",
            "data.aws_ami.al2023",
            "tls_private_key.ed25519"
          ]
        },
        {
          "index_key": "b",
          "schema_version": 2,
          "attributes": {
            "ami": "ami-05f8addf6121a3888",
            "arn": "arn:aws:ec2:us-west-2:686699774218:instance/i-08ad08b74aa1de617",
            "associate_public_ip_address": true,
            "availability_zone": "us-west-2b",
            "capacity_reservation_specification": [
              {
                "capacity_reservation_preference": "open",
                "capacity_reservation_target": []
              }
            ],
            "cpu_options": [
              {
                "amd_sev_snp": "",
                "core_count": 1,
                "nested_virtualization": "",
                "threads_per_core": 2
              }
            ],
            "credit_specification": [
              {
                "cpu_credits": "unlimited"
              }
            ],
            "disable_api_stop": false,
            "disable_api_termination": false,
            "ebs_block_device": [],
            "ebs_optimized": false,
            "enable_primary_ipv6": null,
            "enclave_options": [
              {
                "enabled": false
              }
            ],
            "ephemeral_block_device": [],
            "force_destroy": false,
            "get_password_data": false,
            "hibernation": false,
            "host_id": "",
            "host_resource_group_arn": null,
            "iam_instance_profile": "",
            "id": "i-08ad08b74aa1de617",
            "instance_initiated_shutdown_behavior": "stop",
            "instance_lifecycle": "",
            "instance_market_options": [],
            "instance_state": "running",
            "instance_type": "t3.micro",
            "ipv6_address_count": 0,
            "ipv6_addresses": [],
            "key_name": "ruoxi-ssh-key",
            "launch_template": [],
            "maintenance_options": [
              {
                "auto_recovery": "default"
              }
            ],
            "metadata_options": [
              {
                "http_endpoint": "enabled",
                "http_protocol_ipv6": "disabled",
                "http_put_response_hop_limit": 2,
                "http_tokens": "required",
                "instance_metadata_tags": "disabled"
              }
            ],
            "monitoring": false,
            "network_interface": [],
            "outpost_arn": "",
            "password_data": "",
            "placement_group": "",
            "placement_group_id": "",
            "placement_partition_number": 0,
            "primary_network_interface": [
              {
                "delete_on_termination": true,
                "network_interface_id": "eni-050689d6cd89ce298"
              }
            ],
            "primary_network_interface_id": "eni-050689d6cd89ce298",
            "private_dns": "ip-10-1-2-126.us-west-2.compute.internal",
            "private_dns_name_options": [
              {
                "enable_resource_name_dns_a_record": false,
                "enable_resource_name_dns_aaaa_record": false,
                "hostname_type": "ip-name"
              }
            ],
            "private_ip": "10.1.2.126",
            "public_dns": "ec2-18-237-93-242.us-west-2.compute.amazonaws.com",
            "public_ip": "18.237.93.242",
            "region": "us-west-2",
            "root_block_device": [
              {
                "delete_on_termination": true,
                "device_name": "/dev/xvda",
                "encrypted": false,
                "iops": 3000,
                "kms_key_id": "",
                "tags": {},
                "tags_all": {},
                "throughput": 125,
                "volume_id": "vol-0e0c0b73663c1022f",
                "volume_size": 8,
                "volume_type": "gp3"
              }
            ],
            "secondary_network_interface": [],
            "secondary_private_ips": [],
            "security_groups": [],
            "source_dest_check": true,
            "spot_instance_request_id": "",
            "subnet_id": "subnet-013f9f99413dae196",
            "tags": {
              "Name": "tf-asb-flow-ruoxi-app-b"
            },
            "tags_all": {
              "Name": "tf-asb-flow-ruoxi-app-b"
            },
            "tenancy": "default",
            "timeouts": null,
            "user_data": "#!/bin/bash\nyum install -y httpd\nsystemctl start httpd\necho \"Hello from b\" \u003e /var/www/html/index.html\n",
            "user_data_base64": null,
            "user_data_replace_on_change": false,
            "volume_tags": null,
            "vpc_security_group_ids": [
              "sg-01d1149097b5af422"
            ]
          },
          "sensitive_attributes": [],
          "identity_schema_version": 0,
          "identity": {
            "account_id": "686699774218",
            "id": "i-08ad08b74aa1de617",
            "region": "us-west-2"
          },
          "private": "eyJlMmJmYjczMC1lY2FhLTExZTYtOGY4OC0zNDM2M2JjN2M0YzAiOnsiY3JlYXRlIjo2MDAwMDAwMDAwMDAsImRlbGV0ZSI6MTIwMDAwMDAwMDAwMCwicmVhZCI6OTAwMDAwMDAwMDAwLCJ1cGRhdGUiOjYwMDAwMDAwMDAwMH0sInNjaGVtYV92ZXJzaW9uIjoiMiJ9",
          "dependencies": [
            "aws_key_pair.my_key",
            "aws_security_group.allow_http_ssh",
            "aws_subnet.subnets",
            "aws_vpc.main",
            "data.aws_ami.al2023",
            "tls_private_key.ed25519"
          ]
        },
        {
          "index_key": "c",
          "schema_version": 2,
          "attributes": {
            "ami": "ami-05f8addf6121a3888",
            "arn": "arn:aws:ec2:us-west-2:686699774218:instance/i-032a000f512728143",
            "associate_public_ip_address": true,
            "availability_zone": "us-west-2c",
            "capacity_reservation_specification": [
              {
                "capacity_reservation_preference": "open",
                "capacity_reservation_target": []
              }
            ],
            "cpu_options": [
              {
                "amd_sev_snp": "",
                "core_count": 1,
                "nested_virtualization": "",
                "threads_per_core": 2
              }
            ],
            "credit_specification": [
              {
                "cpu_credits": "unlimited"
              }
            ],
            "disable_api_stop": false,
            "disable_api_termination": false,
            "ebs_block_device": [],
            "ebs_optimized": false,
            "enable_primary_ipv6": null,
            "enclave_options": [
              {
                "enabled": false
              }
            ],
            "ephemeral_block_device": [],
            "force_destroy": false,
            "get_password_data": false,
            "hibernation": false,
            "host_id": "",
            "host_resource_group_arn": null,
            "iam_instance_profile": "",
            "id": "i-032a000f512728143",
            "instance_initiated_shutdown_behavior": "stop",
            "instance_lifecycle": "",
            "instance_market_options": [],
            "instance_state": "running",
            "instance_type": "t3.micro",
            "ipv6_address_count": 0,
            "ipv6_addresses": [],
            "key_name": "ruoxi-ssh-key",
            "launch_template": [],
            "maintenance_options": [
              {
                "auto_recovery": "default"
              }
            ],
            "metadata_options": [
              {
                "http_endpoint": "enabled",
                "http_protocol_ipv6": "disabled",
                "http_put_response_hop_limit": 2,
                "http_tokens": "required",
                "instance_metadata_tags": "disabled"
              }
            ],
            "monitoring": false,
            "network_interface": [],
            "outpost_arn": "",
            "password_data": "",
            "placement_group": "",
            "placement_group_id": "",
            "placement_partition_number": 0,
            "primary_network_interface": [
              {
                "delete_on_termination": true,
                "network_interface_id": "eni-064772252c9b4ff8e"
              }
            ],
            "primary_network_interface_id": "eni-064772252c9b4ff8e",
            "private_dns": "ip-10-1-3-181.us-west-2.compute.internal",
            "private_dns_name_options": [
              {
                "enable_resource_name_dns_a_record": false,
                "enable_resource_name_dns_aaaa_record": false,
                "hostname_type": "ip-name"
              }
            ],
            "private_ip": "10.1.3.181",
            "public_dns": "ec2-35-92-107-119.us-west-2.compute.amazonaws.com",
            "public_ip": "35.92.107.119",
            "region": "us-west-2",
            "root_block_device": [
              {
                "delete_on_termination": true,
                "device_name": "/dev/xvda",
                "encrypted": false,
                "iops": 3000,
                "kms_key_id": "",
                "tags": {},
                "tags_all": {},
                "throughput": 125,
                "volume_id": "vol-00b093bb89aba14a6",
                "volume_size": 8,
                "volume_type": "gp3"
              }
            ],
            "secondary_network_interface": [],
            "secondary_private_ips": [],
            "security_groups": [],
            "source_dest_check": true,
            "spot_instance_request_id": "",
            "subnet_id": "subnet-0b1bd76328987002b",
            "tags": {
              "Name": "tf-asb-flow-ruoxi-app-c"
            },
            "tags_all": {
              "Name": "tf-asb-flow-ruoxi-app-c"
            },
            "tenancy": "default",
            "timeouts": null,
            "user_data": "#!/bin/bash\nyum install -y httpd\nsystemctl start httpd\necho \"Hello from c\" \u003e /var/www/html/index.html\n",
            "user_data_base64": null,
            "user_data_replace_on_change": false,
            "volume_tags": null,
            "vpc_security_group_ids": [
              "sg-01d1149097b5af422"
            ]
          },
          "sensitive_attributes": [],
          "identity_schema_version": 0,
          "identity": {
            "account_id": "686699774218",
            "id": "i-032a000f512728143",
            "region": "us-west-2"
          },
          "private": "eyJlMmJmYjczMC1lY2FhLTExZTYtOGY4OC0zNDM2M2JjN2M0YzAiOnsiY3JlYXRlIjo2MDAwMDAwMDAwMDAsImRlbGV0ZSI6MTIwMDAwMDAwMDAwMCwicmVhZCI6OTAwMDAwMDAwMDAwLCJ1cGRhdGUiOjYwMDAwMDAwMDAwMH0sInNjaGVtYV92ZXJzaW9uIjoiMiJ9",
          "dependencies": [
            "aws_key_pair.my_key",
            "aws_security_group.allow_http_ssh",
            "aws_subnet.subnets",
            "aws_vpc.main",
            "data.aws_ami.al2023",
            "tls_private_key.ed25519"
          ]
        }
      ]
    },
    {
      "mode": "managed",
      "type": "aws_internet_gateway",
      "name": "igw",
      "provider": "provider[\"registry.terraform.io/hashicorp/aws\"]",
      "instances": [
        {
          "schema_version": 0,
          "attributes": {
            "arn": "arn:aws:ec2:us-west-2:686699774218:internet-gateway/igw-030dca82b1326329f",
            "id": "igw-030dca82b1326329f",
            "owner_id": "686699774218",
            "region": "us-west-2",
            "tags": {
              "Name": "tf-asb-flow-ruoxi-igw"
            },
            "tags_all": {
              "Name": "tf-asb-flow-ruoxi-igw"
            },
            "timeouts": null,
            "vpc_id": "vpc-0c9f4dc67a0edbbe9"
          },
          "sensitive_attributes": [],
          "identity_schema_version": 0,
          "identity": {
            "account_id": "686699774218",
            "id": "igw-030dca82b1326329f",
            "region": "us-west-2"
          },
          "private": "eyJlMmJmYjczMC1lY2FhLTExZTYtOGY4OC0zNDM2M2JjN2M0YzAiOnsiY3JlYXRlIjoxMjAwMDAwMDAwMDAwLCJkZWxldGUiOjEyMDAwMDAwMDAwMDAsInVwZGF0ZSI6MTIwMDAwMDAwMDAwMH19",
          "dependencies": [
            "aws_vpc.main"
          ]
        }
      ]
    },
    {
      "mode": "managed",
      "type": "aws_key_pair",
      "name": "my_key",
      "provider": "provider[\"registry.terraform.io/hashicorp/aws\"]",
      "instances": [
        {
          "schema_version": 1,
          "attributes": {
            "arn": "arn:aws:ec2:us-west-2:686699774218:key-pair/ruoxi-ssh-key",
            "fingerprint": "DvREmHNK5riuUiCsDxTG0j8JY5bBAaFjowSymkT9mmM=",
            "id": "ruoxi-ssh-key",
            "key_name": "ruoxi-ssh-key",
            "key_name_prefix": "",
            "key_pair_id": "key-0b519da1bddd0809a",
            "key_type": "ed25519",
            "public_key": "ssh-ed25519 AAAAC3NzaC1lZDI1NTE5AAAAIMAOcvSPbsJ6CyQKPxRdxLwkTW7+C3pVjVMyAOGJ+2dv",
            "region": "us-west-2",
            "tags": {},
            "tags_all": {}
          },
          "sensitive_attributes": [],
          "identity_schema_version": 0,
          "private": "eyJzY2hlbWFfdmVyc2lvbiI6IjEifQ==",
          "dependencies": [
            "tls_private_key.ed25519"
          ]
        }
      ]
    },
    {
      "mode": "managed",
      "type": "aws_lb",
      "name": "app",
      "provider": "provider[\"registry.terraform.io/hashicorp/aws\"]",
      "instances": [
        {
          "schema_version": 0,
          "attributes": {
            "access_logs": [
              {
                "bucket": "",
                "enabled": false,
                "prefix": ""
              }
            ],
            "arn": "arn:aws:elasticloadbalancing:us-west-2:686699774218:loadbalancer/app/tf-asb-flow-ruoxi-alb/ffbe3021e747cc4d",
            "arn_suffix": "app/tf-asb-flow-ruoxi-alb/ffbe3021e747cc4d",
            "client_keep_alive": 3600,
            "connection_logs": [
              {
                "bucket": "",
                "enabled": false,
                "prefix": ""
              }
            ],
            "customer_owned_ipv4_pool": "",
            "desync_mitigation_mode": "defensive",
            "dns_name": "tf-asb-flow-ruoxi-alb-245842857.us-west-2.elb.amazonaws.com",
            "dns_record_client_routing_policy": null,
            "drop_invalid_header_fields": false,
            "enable_cross_zone_load_balancing": true,
            "enable_deletion_protection": false,
            "enable_http2": true,
            "enable_prefix_for_ipv6_source_nat": "off",
            "enable_tls_version_and_cipher_suite_headers": false,
            "enable_waf_fail_open": false,
            "enable_xff_client_port": false,
            "enable_zonal_shift": false,
            "enforce_security_group_inbound_rules_on_private_link_traffic": "",
            "health_check_logs": [
              {
                "bucket": "",
                "enabled": false,
                "prefix": ""
              }
            ],
            "id": "arn:aws:elasticloadbalancing:us-west-2:686699774218:loadbalancer/app/tf-asb-flow-ruoxi-alb/ffbe3021e747cc4d",
            "idle_timeout": 60,
            "internal": false,
            "ip_address_type": "ipv4",
            "ipam_pools": [],
            "load_balancer_type": "application",
            "minimum_load_balancer_capacity": [],
            "name": "tf-asb-flow-ruoxi-alb",
            "name_prefix": "",
            "preserve_host_header": false,
            "region": "us-west-2",
            "secondary_ips_auto_assigned_per_subnet": null,
            "security_groups": [
              "sg-03651a2db670ea5b2"
            ],
            "subnet_mapping": [
              {
                "allocation_id": "",
                "ipv6_address": "",
                "outpost_id": "",
                "private_ipv4_address": "",
                "subnet_id": "subnet-013f9f99413dae196"
              },
              {
                "allocation_id": "",
                "ipv6_address": "",
                "outpost_id": "",
                "private_ipv4_address": "",
                "subnet_id": "subnet-07a3930087d250732"
              },
              {
                "allocation_id": "",
                "ipv6_address": "",
                "outpost_id": "",
                "private_ipv4_address": "",
                "subnet_id": "subnet-0b1bd76328987002b"
              }
            ],
            "subnets": [
              "subnet-013f9f99413dae196",
              "subnet-07a3930087d250732",
              "subnet-0b1bd76328987002b"
            ],
            "tags": {
              "Name": "tf-asb-flow-ruoxi-alb"
            },
            "tags_all": {
              "Name": "tf-asb-flow-ruoxi-alb"
            },
            "timeouts": null,
            "vpc_id": "vpc-0c9f4dc67a0edbbe9",
            "xff_header_processing_mode": "append",
            "zone_id": "Z1H1FL5HABSF5"
          },
          "sensitive_attributes": [],
          "identity_schema_version": 0,
          "identity": {
            "arn": "arn:aws:elasticloadbalancing:us-west-2:686699774218:loadbalancer/app/tf-asb-flow-ruoxi-alb/ffbe3021e747cc4d"
          },
          "private": "eyJlMmJmYjczMC1lY2FhLTExZTYtOGY4OC0zNDM2M2JjN2M0YzAiOnsiY3JlYXRlIjo2MDAwMDAwMDAwMDAsImRlbGV0ZSI6NjAwMDAwMDAwMDAwLCJ1cGRhdGUiOjYwMDAwMDAwMDAwMH19",
          "dependencies": [
            "aws_security_group.alb",
            "aws_subnet.subnets",
            "aws_vpc.main"
          ]
        }
      ]
    },
    {
      "mode": "managed",
      "type": "aws_lb_listener",
      "name": "http",
      "provider": "provider[\"registry.terraform.io/hashicorp/aws\"]",
      "instances": [
        {
          "schema_version": 0,
          "attributes": {
            "alpn_policy": null,
            "arn": "arn:aws:elasticloadbalancing:us-west-2:686699774218:listener/app/tf-asb-flow-ruoxi-alb/ffbe3021e747cc4d/578f5ac708b5d67f",
            "certificate_arn": null,
            "default_action": [
              {
                "authenticate_cognito": [],
                "authenticate_oidc": [],
                "fixed_response": [],
                "forward": [],
                "jwt_validation": [],
                "order": 1,
                "redirect": [],
                "target_group_arn": "arn:aws:elasticloadbalancing:us-west-2:686699774218:targetgroup/tf-asb-flow-ruoxi-tg/ee0529ea08901953",
                "type": "forward"
              }
            ],
            "id": "arn:aws:elasticloadbalancing:us-west-2:686699774218:listener/app/tf-asb-flow-ruoxi-alb/ffbe3021e747cc4d/578f5ac708b5d67f",
            "load_balancer_arn": "arn:aws:elasticloadbalancing:us-west-2:686699774218:loadbalancer/app/tf-asb-flow-ruoxi-alb/ffbe3021e747cc4d",
            "mutual_authentication": [],
            "port": 80,
            "protocol": "HTTP",
            "region": "us-west-2",
            "routing_http_request_x_amzn_mtls_clientcert_header_name": null,
            "routing_http_request_x_amzn_mtls_clientcert_issuer_header_name": null,
            "routing_http_request_x_amzn_mtls_clientcert_leaf_header_name": null,
            "routing_http_request_x_amzn_mtls_clientcert_serial_number_header_name": null,
            "routing_http_request_x_amzn_mtls_clientcert_subject_header_name": null,
            "routing_http_request_x_amzn_mtls_clientcert_validity_header_name": null,
            "routing_http_request_x_amzn_tls_cipher_suite_header_name": null,
            "routing_http_request_x_amzn_tls_version_header_name": null,
            "routing_http_response_access_control_allow_credentials_header_value": "",
            "routing_http_response_access_control_allow_headers_header_value": "",
            "routing_http_response_access_control_allow_methods_header_value": "",
            "routing_http_response_access_control_allow_origin_header_value": "",
            "routing_http_response_access_control_expose_headers_header_value": "",
            "routing_http_response_access_control_max_age_header_value": "",
            "routing_http_response_content_security_policy_header_value": "",
            "routing_http_response_server_enabled": true,
            "routing_http_response_strict_transport_security_header_value": "",
            "routing_http_response_x_content_type_options_header_value": "",
            "routing_http_response_x_frame_options_header_value": "",
            "ssl_policy": "",
            "tags": {},
            "tags_all": {},
            "tcp_idle_timeout_seconds": null,
            "timeouts": null
          },
          "sensitive_attributes": [],
          "identity_schema_version": 0,
          "identity": {
            "arn": "arn:aws:elasticloadbalancing:us-west-2:686699774218:listener/app/tf-asb-flow-ruoxi-alb/ffbe3021e747cc4d/578f5ac708b5d67f"
          },
          "private": "eyJlMmJmYjczMC1lY2FhLTExZTYtOGY4OC0zNDM2M2JjN2M0YzAiOnsiY3JlYXRlIjozMDAwMDAwMDAwMDAsInVwZGF0ZSI6MzAwMDAwMDAwMDAwfX0=",
          "dependencies": [
            "aws_lb.app",
            "aws_lb_target_group.app",
            "aws_security_group.alb",
            "aws_subnet.subnets",
            "aws_vpc.main"
          ]
        }
      ]
    },
    {
      "mode": "managed",
      "type": "aws_lb_target_group",
      "name": "app",
      "provider": "provider[\"registry.terraform.io/hashicorp/aws\"]",
      "instances": [
        {
          "schema_version": 0,
          "attributes": {
            "arn": "arn:aws:elasticloadbalancing:us-west-2:686699774218:targetgroup/tf-asb-flow-ruoxi-tg/ee0529ea08901953",
            "arn_suffix": "targetgroup/tf-asb-flow-ruoxi-tg/ee0529ea08901953",
            "connection_termination": null,
            "deregistration_delay": "300",
            "health_check": [
              {
                "enabled": true,
                "healthy_threshold": 5,
                "interval": 30,
                "matcher": "200",
                "path": "/",
                "port": "traffic-port",
                "protocol": "HTTP",
                "timeout": 5,
                "unhealthy_threshold": 2
              }
            ],
            "id": "arn:aws:elasticloadbalancing:us-west-2:686699774218:targetgroup/tf-asb-flow-ruoxi-tg/ee0529ea08901953",
            "ip_address_type": "ipv4",
            "lambda_multi_value_headers_enabled": false,
            "load_balancer_arns": [
              "arn:aws:elasticloadbalancing:us-west-2:686699774218:loadbalancer/app/tf-asb-flow-ruoxi-alb/ffbe3021e747cc4d"
            ],
            "load_balancing_algorithm_type": "round_robin",
            "load_balancing_anomaly_mitigation": "off",
            "load_balancing_cross_zone_enabled": "use_load_balancer_configuration",
            "name": "tf-asb-flow-ruoxi-tg",
            "name_prefix": "",
            "port": 80,
            "preserve_client_ip": null,
            "protocol": "HTTP",
            "protocol_version": "HTTP1",
            "proxy_protocol_v2": false,
            "region": "us-west-2",
            "slow_start": 0,
            "stickiness": [
              {
                "cookie_duration": 86400,
                "cookie_name": "",
                "enabled": false,
                "type": "lb_cookie"
              }
            ],
            "tags": {},
            "tags_all": {},
            "target_control_port": 0,
            "target_failover": [
              {
                "on_deregistration": null,
                "on_unhealthy": null
              }
            ],
            "target_group_health": [
              {
                "dns_failover": [
                  {
                    "minimum_healthy_targets_count": "1",
                    "minimum_healthy_targets_percentage": "off"
                  }
                ],
                "unhealthy_state_routing": [
                  {
                    "minimum_healthy_targets_count": 1,
                    "minimum_healthy_targets_percentage": "off"
                  }
                ]
              }
            ],
            "target_health_state": [
              {
                "enable_unhealthy_connection_termination": null,
                "unhealthy_draining_interval": null
              }
            ],
            "target_type": "instance",
            "vpc_id": "vpc-0c9f4dc67a0edbbe9"
          },
          "sensitive_attributes": [],
          "identity_schema_version": 0,
          "identity": {
            "arn": "arn:aws:elasticloadbalancing:us-west-2:686699774218:targetgroup/tf-asb-flow-ruoxi-tg/ee0529ea08901953"
          },
          "private": "bnVsbA==",
          "dependencies": [
            "aws_vpc.main"
          ]
        }
      ]
    },
    {
      "mode": "managed",
      "type": "aws_lb_target_group_attachment",
      "name": "app",
      "provider": "provider[\"registry.terraform.io/hashicorp/aws\"]",
      "instances": [
        {
          "index_key": "a",
          "schema_version": 0,
          "attributes": {
            "availability_zone": null,
            "id": "arn:aws:elasticloadbalancing:us-west-2:686699774218:targetgroup/tf-asb-flow-ruoxi-tg/ee0529ea08901953,i-0d463d398546814e2,80",
            "port": 80,
            "quic_server_id": null,
            "region": "us-west-2",
            "target_group_arn": "arn:aws:elasticloadbalancing:us-west-2:686699774218:targetgroup/tf-asb-flow-ruoxi-tg/ee0529ea08901953",
            "target_id": "i-0d463d398546814e2"
          },
          "sensitive_attributes": [],
          "identity_schema_version": 0,
          "identity": {
            "account_id": "686699774218",
            "availability_zone": null,
            "port": 80,
            "quic_server_id": null,
            "region": "us-west-2",
            "target_group_arn": "arn:aws:elasticloadbalancing:us-west-2:686699774218:targetgroup/tf-asb-flow-ruoxi-tg/ee0529ea08901953",
            "target_id": "i-0d463d398546814e2"
          },
          "private": "bnVsbA==",
          "dependencies": [
            "aws_instance.app",
            "aws_key_pair.my_key",
            "aws_lb_target_group.app",
            "aws_security_group.allow_http_ssh",
            "aws_subnet.subnets",
            "aws_vpc.main",
            "data.aws_ami.al2023",
            "tls_private_key.ed25519"
          ]
        },
        {
          "index_key": "b",
          "schema_version": 0,
          "attributes": {
            "availability_zone": null,
            "id": "arn:aws:elasticloadbalancing:us-west-2:686699774218:targetgroup/tf-asb-flow-ruoxi-tg/ee0529ea08901953,i-08ad08b74aa1de617,80",
            "port": 80,
            "quic_server_id": null,
            "region": "us-west-2",
            "target_group_arn": "arn:aws:elasticloadbalancing:us-west-2:686699774218:targetgroup/tf-asb-flow-ruoxi-tg/ee0529ea08901953",
            "target_id": "i-08ad08b74aa1de617"
          },
          "sensitive_attributes": [],
          "identity_schema_version": 0,
          "identity": {
            "account_id": "686699774218",
            "availability_zone": null,
            "port": 80,
            "quic_server_id": null,
            "region": "us-west-2",
            "target_group_arn": "arn:aws:elasticloadbalancing:us-west-2:686699774218:targetgroup/tf-asb-flow-ruoxi-tg/ee0529ea08901953",
            "target_id": "i-08ad08b74aa1de617"
          },
          "private": "bnVsbA==",
          "dependencies": [
            "aws_instance.app",
            "aws_key_pair.my_key",
            "aws_lb_target_group.app",
            "aws_security_group.allow_http_ssh",
            "aws_subnet.subnets",
            "aws_vpc.main",
            "data.aws_ami.al2023",
            "tls_private_key.ed25519"
          ]
        },
        {
          "index_key": "c",
          "schema_version": 0,
          "attributes": {
            "availability_zone": null,
            "id": "arn:aws:elasticloadbalancing:us-west-2:686699774218:targetgroup/tf-asb-flow-ruoxi-tg/ee0529ea08901953,i-032a000f512728143,80",
            "port": 80,
            "quic_server_id": null,
            "region": "us-west-2",
            "target_group_arn": "arn:aws:elasticloadbalancing:us-west-2:686699774218:targetgroup/tf-asb-flow-ruoxi-tg/ee0529ea08901953",
            "target_id": "i-032a000f512728143"
          },
          "sensitive_attributes": [],
          "identity_schema_version": 0,
          "identity": {
            "account_id": "686699774218",
            "availability_zone": null,
            "port": 80,
            "quic_server_id": null,
            "region": "us-west-2",
            "target_group_arn": "arn:aws:elasticloadbalancing:us-west-2:686699774218:targetgroup/tf-asb-flow-ruoxi-tg/ee0529ea08901953",
            "target_id": "i-032a000f512728143"
          },
          "private": "bnVsbA==",
          "dependencies": [
            "aws_instance.app",
            "aws_key_pair.my_key",
            "aws_lb_target_group.app",
            "aws_security_group.allow_http_ssh",
            "aws_subnet.subnets",
            "aws_vpc.main",
            "data.aws_ami.al2023",
            "tls_private_key.ed25519"
          ]
        }
      ]
    },
    {
      "mode": "managed",
      "type": "aws_route_table",
      "name": "public",
      "provider": "provider[\"registry.terraform.io/hashicorp/aws\"]",
      "instances": [
        {
          "schema_version": 0,
          "attributes": {
            "arn": "arn:aws:ec2:us-west-2:686699774218:route-table/rtb-0cae4672b00cfbb81",
            "id": "rtb-0cae4672b00cfbb81",
            "owner_id": "686699774218",
            "propagating_vgws": [],
            "region": "us-west-2",
            "route": [
              {
                "carrier_gateway_id": "",
                "cidr_block": "0.0.0.0/0",
                "core_network_arn": "",
                "destination_prefix_list_id": "",
                "egress_only_gateway_id": "",
                "gateway_id": "igw-030dca82b1326329f",
                "ipv6_cidr_block": "",
                "local_gateway_id": "",
                "nat_gateway_id": "",
                "network_interface_id": "",
                "odb_network_arn": "",
                "transit_gateway_id": "",
                "vpc_endpoint_id": "",
                "vpc_peering_connection_id": ""
              }
            ],
            "tags": {
              "Name": "tf-asb-flow-ruoxi-public-rt"
            },
            "tags_all": {
              "Name": "tf-asb-flow-ruoxi-public-rt"
            },
            "timeouts": null,
            "vpc_id": "vpc-0c9f4dc67a0edbbe9"
          },
          "sensitive_attributes": [],
          "identity_schema_version": 0,
          "identity": {
            "account_id": "686699774218",
            "id": "rtb-0cae4672b00cfbb81",
            "region": "us-west-2"
          },
          "private": "eyJlMmJmYjczMC1lY2FhLTExZTYtOGY4OC0zNDM2M2JjN2M0YzAiOnsiY3JlYXRlIjozMDAwMDAwMDAwMDAsImRlbGV0ZSI6MzAwMDAwMDAwMDAwLCJ1cGRhdGUiOjEyMDAwMDAwMDAwMH19",
          "dependencies": [
            "aws_internet_gateway.igw",
            "aws_vpc.main"
          ]
        }
      ]
    },
    {
      "mode": "managed",
      "type": "aws_route_table_association",
      "name": "public",
      "provider": "provider[\"registry.terraform.io/hashicorp/aws\"]",
      "instances": [
        {
          "index_key": "a",
          "schema_version": 0,
          "attributes": {
            "gateway_id": "",
            "id": "rtbassoc-028628b1601a18813",
            "region": "us-west-2",
            "route_table_id": "rtb-0cae4672b00cfbb81",
            "subnet_id": "subnet-07a3930087d250732",
            "timeouts": null
          },
          "sensitive_attributes": [],
          "identity_schema_version": 0,
          "identity": {
            "account_id": "686699774218",
            "id": "rtbassoc-028628b1601a18813",
            "region": "us-west-2"
          },
          "private": "eyJlMmJmYjczMC1lY2FhLTExZTYtOGY4OC0zNDM2M2JjN2M0YzAiOnsiY3JlYXRlIjozMDAwMDAwMDAwMDAsImRlbGV0ZSI6MzAwMDAwMDAwMDAwLCJ1cGRhdGUiOjEyMDAwMDAwMDAwMH19",
          "dependencies": [
            "aws_internet_gateway.igw",
            "aws_route_table.public",
            "aws_subnet.subnets",
            "aws_vpc.main"
          ]
        },
        {
          "index_key": "b",
          "schema_version": 0,
          "attributes": {
            "gateway_id": "",
            "id": "rtbassoc-0f2d49d2f49670160",
            "region": "us-west-2",
            "route_table_id": "rtb-0cae4672b00cfbb81",
            "subnet_id": "subnet-013f9f99413dae196",
            "timeouts": null
          },
          "sensitive_attributes": [],
          "identity_schema_version": 0,
          "identity": {
            "account_id": "686699774218",
            "id": "rtbassoc-0f2d49d2f49670160",
            "region": "us-west-2"
          },
          "private": "eyJlMmJmYjczMC1lY2FhLTExZTYtOGY4OC0zNDM2M2JjN2M0YzAiOnsiY3JlYXRlIjozMDAwMDAwMDAwMDAsImRlbGV0ZSI6MzAwMDAwMDAwMDAwLCJ1cGRhdGUiOjEyMDAwMDAwMDAwMH19",
          "dependencies": [
            "aws_internet_gateway.igw",
            "aws_route_table.public",
            "aws_subnet.subnets",
            "aws_vpc.main"
          ]
        },
        {
          "index_key": "c",
          "schema_version": 0,
          "attributes": {
            "gateway_id": "",
            "id": "rtbassoc-02893b66bbd1f7ad7",
            "region": "us-west-2",
            "route_table_id": "rtb-0cae4672b00cfbb81",
            "subnet_id": "subnet-0b1bd76328987002b",
            "timeouts": null
          },
          "sensitive_attributes": [],
          "identity_schema_version": 0,
          "identity": {
            "account_id": "686699774218",
            "id": "rtbassoc-02893b66bbd1f7ad7",
            "region": "us-west-2"
          },
          "private": "eyJlMmJmYjczMC1lY2FhLTExZTYtOGY4OC0zNDM2M2JjN2M0YzAiOnsiY3JlYXRlIjozMDAwMDAwMDAwMDAsImRlbGV0ZSI6MzAwMDAwMDAwMDAwLCJ1cGRhdGUiOjEyMDAwMDAwMDAwMH19",
          "dependencies": [
            "aws_internet_gateway.igw",
            "aws_route_table.public",
            "aws_subnet.subnets",
            "aws_vpc.main"
          ]
        }
      ]
    },
    {
      "mode": "managed",
      "type": "aws_security_group",
      "name": "alb",
      "provider": "provider[\"registry.terraform.io/hashicorp/aws\"]",
      "instances": [
        {
          "schema_version": 1,
          "attributes": {
            "arn": "arn:aws:ec2:us-west-2:686699774218:security-group/sg-03651a2db670ea5b2",
            "description": "Security group for ALB",
            "egress": [
              {
                "cidr_blocks": [
                  "0.0.0.0/0"
                ],
                "description": "",
                "from_port": 0,
                "ipv6_cidr_blocks": [],
                "prefix_list_ids": [],
                "protocol": "-1",
                "security_groups": [],
                "self": false,
                "to_port": 0
              }
            ],
            "id": "sg-03651a2db670ea5b2",
            "ingress": [
              {
                "cidr_blocks": [
                  "0.0.0.0/0"
                ],
                "description": "",
                "from_port": 80,
                "ipv6_cidr_blocks": [],
                "prefix_list_ids": [],
                "protocol": "tcp",
                "security_groups": [],
                "self": false,
                "to_port": 80
              }
            ],
            "name": "alb-sg",
            "name_prefix": "",
            "owner_id": "686699774218",
            "region": "us-west-2",
            "revoke_rules_on_delete": false,
            "tags": {},
            "tags_all": {},
            "timeouts": null,
            "vpc_id": "vpc-0c9f4dc67a0edbbe9"
          },
          "sensitive_attributes": [],
          "identity_schema_version": 0,
          "identity": {
            "account_id": "686699774218",
            "id": "sg-03651a2db670ea5b2",
            "region": "us-west-2"
          },
          "private": "eyJlMmJmYjczMC1lY2FhLTExZTYtOGY4OC0zNDM2M2JjN2M0YzAiOnsiY3JlYXRlIjo2MDAwMDAwMDAwMDAsImRlbGV0ZSI6OTAwMDAwMDAwMDAwfSwic2NoZW1hX3ZlcnNpb24iOiIxIn0=",
          "dependencies": [
            "aws_vpc.main"
          ]
        }
      ]
    },
    {
      "mode": "managed",
      "type": "aws_security_group",
      "name": "allow_http_ssh",
      "provider": "provider[\"registry.terraform.io/hashicorp/aws\"]",
      "instances": [
        {
          "schema_version": 1,
          "attributes": {
            "arn": "arn:aws:ec2:us-west-2:686699774218:security-group/sg-01d1149097b5af422",
            "description": "Allow HTTP \u0026 SSH inbound traffic and all outbound traffic",
            "egress": [
              {
                "cidr_blocks": [
                  "0.0.0.0/0"
                ],
                "description": "",
                "from_port": 0,
                "ipv6_cidr_blocks": [],
                "prefix_list_ids": [],
                "protocol": "-1",
                "security_groups": [],
                "self": false,
                "to_port": 0
              }
            ],
            "id": "sg-01d1149097b5af422",
            "ingress": [
              {
                "cidr_blocks": [
                  "0.0.0.0/0"
                ],
                "description": "",
                "from_port": 22,
                "ipv6_cidr_blocks": [],
                "prefix_list_ids": [],
                "protocol": "tcp",
                "security_groups": [],
                "self": false,
                "to_port": 22
              },
              {
                "cidr_blocks": [
                  "0.0.0.0/0"
                ],
                "description": "",
                "from_port": 80,
                "ipv6_cidr_blocks": [],
                "prefix_list_ids": [],
                "protocol": "tcp",
                "security_groups": [],
                "self": false,
                "to_port": 80
              }
            ],
            "name": "allow_http_ssh",
            "name_prefix": "",
            "owner_id": "686699774218",
            "region": "us-west-2",
            "revoke_rules_on_delete": false,
            "tags": {
              "Name": "allow_http_ssh"
            },
            "tags_all": {
              "Name": "allow_http_ssh"
            },
            "timeouts": null,
            "vpc_id": "vpc-0c9f4dc67a0edbbe9"
          },
          "sensitive_attributes": [],
          "identity_schema_version": 0,
          "identity": {
            "account_id": "686699774218",
            "id": "sg-01d1149097b5af422",
            "region": "us-west-2"
          },
          "private": "eyJlMmJmYjczMC1lY2FhLTExZTYtOGY4OC0zNDM2M2JjN2M0YzAiOnsiY3JlYXRlIjo2MDAwMDAwMDAwMDAsImRlbGV0ZSI6OTAwMDAwMDAwMDAwfSwic2NoZW1hX3ZlcnNpb24iOiIxIn0=",
          "dependencies": [
            "aws_vpc.main"
          ]
        }
      ]
    },
    {
      "mode": "managed",
      "type": "aws_subnet",
      "name": "subnets",
      "provider": "provider[\"registry.terraform.io/hashicorp/aws\"]",
      "instances": [
        {
          "index_key": "a",
          "schema_version": 1,
          "attributes": {
            "arn": "arn:aws:ec2:us-west-2:686699774218:subnet/subnet-07a3930087d250732",
            "assign_ipv6_address_on_creation": false,
            "availability_zone": "us-west-2a",
            "availability_zone_id": "usw2-az2",
            "cidr_block": "10.1.1.0/24",
            "customer_owned_ipv4_pool": "",
            "enable_dns64": false,
            "enable_lni_at_device_index": 0,
            "enable_resource_name_dns_a_record_on_launch": false,
            "enable_resource_name_dns_aaaa_record_on_launch": false,
            "id": "subnet-07a3930087d250732",
            "ipv4_ipam_pool_id": null,
            "ipv4_netmask_length": null,
            "ipv6_cidr_block": "",
            "ipv6_cidr_block_association_id": "",
            "ipv6_ipam_pool_id": null,
            "ipv6_native": false,
            "ipv6_netmask_length": null,
            "map_customer_owned_ip_on_launch": false,
            "map_public_ip_on_launch": true,
            "outpost_arn": "",
            "owner_id": "686699774218",
            "private_dns_hostname_type_on_launch": "ip-name",
            "region": "us-west-2",
            "tags": {
              "Name": "tf-asb-flow-ruoxi-subnet-a"
            },
            "tags_all": {
              "Name": "tf-asb-flow-ruoxi-subnet-a"
            },
            "timeouts": null,
            "vpc_id": "vpc-0c9f4dc67a0edbbe9"
          },
          "sensitive_attributes": [],
          "identity_schema_version": 0,
          "identity": {
            "account_id": "686699774218",
            "id": "subnet-07a3930087d250732",
            "region": "us-west-2"
          },
          "private": "eyJlMmJmYjczMC1lY2FhLTExZTYtOGY4OC0zNDM2M2JjN2M0YzAiOnsiY3JlYXRlIjo2MDAwMDAwMDAwMDAsImRlbGV0ZSI6MTIwMDAwMDAwMDAwMH0sInNjaGVtYV92ZXJzaW9uIjoiMSJ9",
          "dependencies": [
            "aws_vpc.main"
          ]
        },
        {
          "index_key": "b",
          "schema_version": 1,
          "attributes": {
            "arn": "arn:aws:ec2:us-west-2:686699774218:subnet/subnet-013f9f99413dae196",
            "assign_ipv6_address_on_creation": false,
            "availability_zone": "us-west-2b",
            "availability_zone_id": "usw2-az1",
            "cidr_block": "10.1.2.0/24",
            "customer_owned_ipv4_pool": "",
            "enable_dns64": false,
            "enable_lni_at_device_index": 0,
            "enable_resource_name_dns_a_record_on_launch": false,
            "enable_resource_name_dns_aaaa_record_on_launch": false,
            "id": "subnet-013f9f99413dae196",
            "ipv4_ipam_pool_id": null,
            "ipv4_netmask_length": null,
            "ipv6_cidr_block": "",
            "ipv6_cidr_block_association_id": "",
            "ipv6_ipam_pool_id": null,
            "ipv6_native": false,
            "ipv6_netmask_length": null,
            "map_customer_owned_ip_on_launch": false,
            "map_public_ip_on_launch": true,
            "outpost_arn": "",
            "owner_id": "686699774218",
            "private_dns_hostname_type_on_launch": "ip-name",
            "region": "us-west-2",
            "tags": {
              "Name": "tf-asb-flow-ruoxi-subnet-b"
            },
            "tags_all": {
              "Name": "tf-asb-flow-ruoxi-subnet-b"
            },
            "timeouts": null,
            "vpc_id": "vpc-0c9f4dc67a0edbbe9"
          },
          "sensitive_attributes": [],
          "identity_schema_version": 0,
          "identity": {
            "account_id": "686699774218",
            "id": "subnet-013f9f99413dae196",
            "region": "us-west-2"
          },
          "private": "eyJlMmJmYjczMC1lY2FhLTExZTYtOGY4OC0zNDM2M2JjN2M0YzAiOnsiY3JlYXRlIjo2MDAwMDAwMDAwMDAsImRlbGV0ZSI6MTIwMDAwMDAwMDAwMH0sInNjaGVtYV92ZXJzaW9uIjoiMSJ9",
          "dependencies": [
            "aws_vpc.main"
          ]
        },
        {
          "index_key": "c",
          "schema_version": 1,
          "attributes": {
            "arn": "arn:aws:ec2:us-west-2:686699774218:subnet/subnet-0b1bd76328987002b",
            "assign_ipv6_address_on_creation": false,
            "availability_zone": "us-west-2c",
            "availability_zone_id": "usw2-az3",
            "cidr_block": "10.1.3.0/24",
            "customer_owned_ipv4_pool": "",
            "enable_dns64": false,
            "enable_lni_at_device_index": 0,
            "enable_resource_name_dns_a_record_on_launch": false,
            "enable_resource_name_dns_aaaa_record_on_launch": false,
            "id": "subnet-0b1bd76328987002b",
            "ipv4_ipam_pool_id": null,
            "ipv4_netmask_length": null,
            "ipv6_cidr_block": "",
            "ipv6_cidr_block_association_id": "",
            "ipv6_ipam_pool_id": null,
            "ipv6_native": false,
            "ipv6_netmask_length": null,
            "map_customer_owned_ip_on_launch": false,
            "map_public_ip_on_launch": true,
            "outpost_arn": "",
            "owner_id": "686699774218",
            "private_dns_hostname_type_on_launch": "ip-name",
            "region": "us-west-2",
            "tags": {
              "Name": "tf-asb-flow-ruoxi-subnet-c"
            },
            "tags_all": {
              "Name": "tf-asb-flow-ruoxi-subnet-c"
            },
            "timeouts": null,
            "vpc_id": "vpc-0c9f4dc67a0edbbe9"
          },
          "sensitive_attributes": [],
          "identity_schema_version": 0,
          "identity": {
            "account_id": "686699774218",
            "id": "subnet-0b1bd76328987002b",
            "region": "us-west-2"
          },
          "private": "eyJlMmJmYjczMC1lY2FhLTExZTYtOGY4OC0zNDM2M2JjN2M0YzAiOnsiY3JlYXRlIjo2MDAwMDAwMDAwMDAsImRlbGV0ZSI6MTIwMDAwMDAwMDAwMH0sInNjaGVtYV92ZXJzaW9uIjoiMSJ9",
          "dependencies": [
            "aws_vpc.main"
          ]
        }
      ]
    },
    {
      "mode": "managed",
      "type": "aws_vpc",
      "name": "main",
      "provider": "provider[\"registry.terraform.io/hashicorp/aws\"]",
      "instances": [
        {
          "schema_version": 1,
          "attributes": {
            "arn": "arn:aws:ec2:us-west-2:686699774218:vpc/vpc-0c9f4dc67a0edbbe9",
            "assign_generated_ipv6_cidr_block": false,
            "cidr_block": "10.1.0.0/16",
            "default_network_acl_id": "acl-03b7b3752fb3ef3a0",
            "default_route_table_id": "rtb-0f380fd33a7c94c74",
            "default_security_group_id": "sg-0e9d96b69f8384d01",
            "dhcp_options_id": "dopt-011822c36de9fc493",
            "enable_dns_hostnames": true,
            "enable_dns_support": true,
            "enable_network_address_usage_metrics": false,
            "id": "vpc-0c9f4dc67a0edbbe9",
            "instance_tenancy": "default",
            "ipv4_ipam_pool_id": null,
            "ipv4_netmask_length": null,
            "ipv6_association_id": "",
            "ipv6_cidr_block": "",
            "ipv6_cidr_block_network_border_group": "",
            "ipv6_ipam_pool_id": "",
            "ipv6_netmask_length": 0,
            "main_route_table_id": "rtb-0f380fd33a7c94c74",
            "owner_id": "686699774218",
            "region": "us-west-2",
            "tags": {
              "ManagedBy": "Terraform",
              "Name": "tf-asb-flow-ruoxi"
            },
            "tags_all": {
              "ManagedBy": "Terraform",
              "Name": "tf-asb-flow-ruoxi"
            }
          },
          "sensitive_attributes": [],
          "identity_schema_version": 0,
          "identity": {
            "account_id": "686699774218",
            "id": "vpc-0c9f4dc67a0edbbe9",
            "region": "us-west-2"
          },
          "private": "eyJzY2hlbWFfdmVyc2lvbiI6IjEifQ=="
        }
      ]
    },
    {
      "mode": "managed",
      "type": "aws_vpc_security_group_egress_rule",
      "name": "allow_all_traffic_ipv4",
      "provider": "provider[\"registry.terraform.io/hashicorp/aws\"]",
      "instances": [
        {
          "schema_version": 0,
          "attributes": {
            "arn": "arn:aws:ec2:us-west-2:686699774218:security-group-rule/sgr-0888ad4b9f72649fb",
            "cidr_ipv4": "0.0.0.0/0",
            "cidr_ipv6": null,
            "description": null,
            "from_port": null,
            "id": "sgr-0888ad4b9f72649fb",
            "ip_protocol": "-1",
            "prefix_list_id": null,
            "referenced_security_group_id": null,
            "region": "us-west-2",
            "security_group_id": "sg-01d1149097b5af422",
            "security_group_rule_id": "sgr-0888ad4b9f72649fb",
            "tags": null,
            "tags_all": {},
            "to_port": null
          },
          "sensitive_attributes": [],
          "identity_schema_version": 0,
          "identity": {
            "account_id": "686699774218",
            "id": "sgr-0888ad4b9f72649fb",
            "region": "us-west-2"
          },
          "dependencies": [
            "aws_security_group.allow_http_ssh",
            "aws_vpc.main"
          ]
        }
      ]
    },
    {
      "mode": "managed",
      "type": "aws_vpc_security_group_ingress_rule",
      "name": "allow_http_ipv4",
      "provider": "provider[\"registry.terraform.io/hashicorp/aws\"]",
      "instances": [
        {
          "schema_version": 0,
          "attributes": {
            "arn": "arn:aws:ec2:us-west-2:686699774218:security-group-rule/sgr-02b92b504cc3c1e5e",
            "cidr_ipv4": "0.0.0.0/0",
            "cidr_ipv6": null,
            "description": null,
            "from_port": 80,
            "id": "sgr-02b92b504cc3c1e5e",
            "ip_protocol": "tcp",
            "prefix_list_id": null,
            "referenced_security_group_id": null,
            "region": "us-west-2",
            "security_group_id": "sg-01d1149097b5af422",
            "security_group_rule_id": "sgr-02b92b504cc3c1e5e",
            "tags": null,
            "tags_all": {},
            "to_port": 80
          },
          "sensitive_attributes": [],
          "identity_schema_version": 0,
          "identity": {
            "account_id": "686699774218",
            "id": "sgr-02b92b504cc3c1e5e",
            "region": "us-west-2"
          },
          "dependencies": [
            "aws_security_group.allow_http_ssh",
            "aws_vpc.main"
          ]
        }
      ]
    },
    {
      "mode": "managed",
      "type": "aws_vpc_security_group_ingress_rule",
      "name": "allow_ssh_ipv4",
      "provider": "provider[\"registry.terraform.io/hashicorp/aws\"]",
      "instances": [
        {
          "schema_version": 0,
          "attributes": {
            "arn": "arn:aws:ec2:us-west-2:686699774218:security-group-rule/sgr-0c1c40d1b259aa5f8",
            "cidr_ipv4": "0.0.0.0/0",
            "cidr_ipv6": null,
            "description": null,
            "from_port": 22,
            "id": "sgr-0c1c40d1b259aa5f8",
            "ip_protocol": "tcp",
            "prefix_list_id": null,
            "referenced_security_group_id": null,
            "region": "us-west-2",
            "security_group_id": "sg-01d1149097b5af422",
            "security_group_rule_id": "sgr-0c1c40d1b259aa5f8",
            "tags": null,
            "tags_all": {},
            "to_port": 22
          },
          "sensitive_attributes": [],
          "identity_schema_version": 0,
          "identity": {
            "account_id": "686699774218",
            "id": "sgr-0c1c40d1b259aa5f8",
            "region": "us-west-2"
          },
          "dependencies": [
            "aws_security_group.allow_http_ssh",
            "aws_vpc.main"
          ]
        }
      ]
    },
    {
      "mode": "managed",
      "type": "local_file",
      "name": "ansible_all_vars",
      "provider": "provider[\"registry.terraform.io/hashicorp/local\"]",
      "instances": [
        {
          "schema_version": 0,
          "attributes": {
            "content": "alb_dns: \"tf-asb-flow-ruoxi-alb-245842857.us-west-2.elb.amazonaws.com\"\n\nec2_instances:\n  a:\n    public_ip: \"34.219.244.60\"\n    private_ip: \"10.1.1.102\"\n  b:\n    public_ip: \"18.237.93.242\"\n    private_ip: \"10.1.2.126\"\n  c:\n    public_ip: \"35.92.107.119\"\n    private_ip: \"10.1.3.181\"\n",
            "content_base64": null,
            "content_base64sha256": "pnXtwi58C0M9KZylPc0wYh+4bASy3/FINo//BwZoNWA=",
            "content_base64sha512": "Mscf7CPDNleHpiv92snRpWlmy+TKKKgLjtD2JRiUi99FSx1fF3//jLTJPJ5z4ilsClS81IdPMfz1LiW3hiDphQ==",
            "content_md5": "3dee93f348b33b46e316c7a101a1d4a9",
            "content_sha1": "1f3ff6aeaf13a60556bdf06915f141554434fe92",
            "content_sha256": "a675edc22e7c0b433d299ca53dcd30621fb86c04b2dff148368fff0706683560",
            "content_sha512": "32c71fec23c3365787a62bfddac9d1a56966cbe4ca28a80b8ed0f62518948bdf454b1d5f177fff8cb4c93c9e73e2296c0a54bcd4874f31fcf52e25b78620e985",
            "directory_permission": "0777",
            "file_permission": "0777",
            "filename": "./ansible/group_vars/all.yml",
            "id": "1f3ff6aeaf13a60556bdf06915f141554434fe92",
            "sensitive_content": null,
            "source": null
          },
          "sensitive_attributes": [
            [
              {
                "type": "get_attr",
                "value": "sensitive_content"
              }
            ]
          ],
          "identity_schema_version": 0,
          "dependencies": [
            "aws_instance.app",
            "aws_key_pair.my_key",
            "aws_lb.app",
            "aws_security_group.alb",
            "aws_security_group.allow_http_ssh",
            "aws_subnet.subnets",
            "aws_vpc.main",
            "data.aws_ami.al2023",
            "tls_private_key.ed25519"
          ]
        }
      ]
    },
    {
      "mode": "managed",
      "type": "local_file",
      "name": "ansible_inventory",
      "provider": "provider[\"registry.terraform.io/hashicorp/local\"]",
      "instances": [
        {
          "schema_version": 0,
          "attributes": {
            "content": "[web]\na ansible_host=34.219.244.60 ansible_user=ec2-user ansible_ssh_private_key_file=./ruoxi-ssh-key.pem\nb ansible_host=18.237.93.242 ansible_user=ec2-user ansible_ssh_private_key_file=./ruoxi-ssh-key.pem\nc ansible_host=35.92.107.119 ansible_user=ec2-user ansible_ssh_private_key_file=./ruoxi-ssh-key.pem\n\n[alb]\nloadbalancer alb_dns=tf-asb-flow-ruoxi-alb-245842857.us-west-2.elb.amazonaws.com\n",
            "content_base64": null,
            "content_base64sha256": "fUwqtBiS6d516sGrP6nEQzSgqO4MPHKTE9rxOSwKnds=",
            "content_base64sha512": "nBGUrp2ExGfQrNoCgBqU/01MFJaH1fbwKjDpZxWnr18zbECcdWS1CavmUHfziZGHRYVJz9pv/ZbyqqwIef6Iiw==",
            "content_md5": "9c85d9a392b6ffd01e91fc5c3ec4ba77",
            "content_sha1": "bc8287aa2f12a6a636dfc95b301840e56977e49d",
            "content_sha256": "7d4c2ab41892e9de75eac1ab3fa9c44334a0a8ee0c3c729313daf1392c0a9ddb",
            "content_sha512": "9c1194ae9d84c467d0acda02801a94ff4d4c149687d5f6f02a30e96715a7af5f336c409c7564b509abe65077f3899187458549cfda6ffd96f2aaac0879fe888b",
            "directory_permission": "0777",
            "file_permission": "0777",
            "filename": "./ansible/inventory.ini",
            "id": "bc8287aa2f12a6a636dfc95b301840e56977e49d",
            "sensitive_content": null,
            "source": null
          },
          "sensitive_attributes": [
            [
              {
                "type": "get_attr",
                "value": "sensitive_content"
              }
            ]
          ],
          "identity_schema_version": 0,
          "dependencies": [
            "aws_instance.app",
            "aws_key_pair.my_key",
            "aws_lb.app",
            "aws_security_group.alb",
            "aws_security_group.allow_http_ssh",
            "aws_subnet.subnets",
            "aws_vpc.main",
            "data.aws_ami.al2023",
            "tls_private_key.ed25519"
          ]
        }
      ]
    },
    {
      "mode": "managed",
      "type": "local_file",
      "name": "private_key",
      "provider": "provider[\"registry.terraform.io/hashicorp/local\"]",
      "instances": [
        {
          "schema_version": 0,
          "attributes": {
            "content": "-----BEGIN OPENSSH PRIVATE KEY-----\nb3BlbnNzaC1rZXktdjEAAAAABG5vbmUAAAAEbm9uZQAAAAAAAAABAAAAMwAAAAtz\nc2gtZWQyNTUxOQAAACDADnL0j27CegskCj8UXcS8JE1u/gt6VY1TMgDhiftnbwAA\nAIiSOO2VkjjtlQAAAAtzc2gtZWQyNTUxOQAAACDADnL0j27CegskCj8UXcS8JE1u\n/gt6VY1TMgDhiftnbwAAAED2tEpbuiWt3RwQj4h5P2X8cYH1bMYtQG/yLEGfqm1f\nM8AOcvSPbsJ6CyQKPxRdxLwkTW7+C3pVjVMyAOGJ+2dvAAAAAAECAwQF\n-----END OPENSSH PRIVATE KEY-----\n",
            "content_base64": null,
            "content_base64sha256": "/DuOippsPWUiUmfzYUguYSNwz+xjlbjH33hNOVSJK10=",
            "content_base64sha512": "lls6j+KJcopLtRBdmPKiJYLVMcfnbtwJ4fKu1gQRrYKK1jjEaQMnzGa2Z+t3gxRRdkr6t3zapykWrszv9/7DUQ==",
            "content_md5": "1bd22f0cf6d6f4d1c37218b5cb38effc",
            "content_sha1": "37dbc3256ad73cd7a1389e4af5fed794161550aa",
            "content_sha256": "fc3b8e8a9a6c3d65225267f361482e612370cfec6395b8c7df784d3954892b5d",
            "content_sha512": "965b3a8fe289728a4bb5105d98f2a22582d531c7e76edc09e1f2aed60411ad828ad638c4690327cc66b667eb77831451764afab77cdaa72916aecceff7fec351",
            "directory_permission": "0777",
            "file_permission": "0400",
            "filename": "./ruoxi-ssh-key.pem",
            "id": "37dbc3256ad73cd7a1389e4af5fed794161550aa",
            "sensitive_content": null,
            "source": null
          },
          "sensitive_attributes": [
            [
              {
                "type": "get_attr",
                "value": "content"
              }
            ],
            [
              {
                "type": "get_attr",
                "value": "sensitive_content"
              }
            ]
          ],
          "identity_schema_version": 0,
          "dependencies": [
            "tls_private_key.ed25519"
          ]
        }
      ]
    },
    {
      "mode": "managed",
      "type": "tls_private_key",
      "name": "ed25519",
      "provider": "provider[\"registry.terraform.io/hashicorp/tls\"]",
      "instances": [
        {
          "schema_version": 1,
          "attributes": {
            "algorithm": "ED25519",
            "ecdsa_curve": "P224",
            "id": "ce0e00fe8e40996ebb5b3b4254130c5d1c8ff893",
            "private_key_openssh": "-----BEGIN OPENSSH PRIVATE KEY-----\nb3BlbnNzaC1rZXktdjEAAAAABG5vbmUAAAAEbm9uZQAAAAAAAAABAAAAMwAAAAtz\nc2gtZWQyNTUxOQAAACDADnL0j27CegskCj8UXcS8JE1u/gt6VY1TMgDhiftnbwAA\nAIiSOO2VkjjtlQAAAAtzc2gtZWQyNTUxOQAAACDADnL0j27CegskCj8UXcS8JE1u\n/gt6VY1TMgDhiftnbwAAAED2tEpbuiWt3RwQj4h5P2X8cYH1bMYtQG/yLEGfqm1f\nM8AOcvSPbsJ6CyQKPxRdxLwkTW7+C3pVjVMyAOGJ+2dvAAAAAAECAwQF\n-----END OPENSSH PRIVATE KEY-----\n",
            "private_key_pem": "-----BEGIN PRIVATE KEY-----\nMC4CAQAwBQYDK2VwBCIEIPa0Slu6Ja3dHBCPiHk/ZfxxgfVsxi1Ab/IsQZ+qbV8z\n-----END PRIVATE KEY-----\n",
            "private_key_pem_pkcs8": "-----BEGIN PRIVATE KEY-----\nMC4CAQAwBQYDK2VwBCIEIPa0Slu6Ja3dHBCPiHk/ZfxxgfVsxi1Ab/IsQZ+qbV8z\n-----END PRIVATE KEY-----\n",
            "public_key_fingerprint_md5": "49:cf:fb:de:66:b1:7b:11:f7:2d:76:66:1e:c8:d5:fb",
            "public_key_fingerprint_sha256": "SHA256:DvREmHNK5riuUiCsDxTG0j8JY5bBAaFjowSymkT9mmM",
            "public_key_openssh": "ssh-ed25519 AAAAC3NzaC1lZDI1NTE5AAAAIMAOcvSPbsJ6CyQKPxRdxLwkTW7+C3pVjVMyAOGJ+2dv\n",
            "public_key_pem": "-----BEGIN PUBLIC KEY-----\nMCowBQYDK2VwAyEAwA5y9I9uwnoLJAo/FF3EvCRNbv4LelWNUzIA4Yn7Z28=\n-----END PUBLIC KEY-----\n",
            "rsa_bits": 2048
          },
          "sensitive_attributes": [
            [
              {
                "type": "get_attr",
                "value": "private_key_openssh"
              }
            ],
            [
              {
                "type": "get_attr",
                "value": "private_key_pem"
              }
            ],
            [
              {
                "type": "get_attr",
                "value": "private_key_pem_pkcs8"
              }
            ]
          ],
          "identity_schema_version": 0
        }
      ]
    }
  ],
  "check_results": null
}
